
Microsoft Visual Studio Solution File, Format Version 12.00
# Visual Studio Version 17
VisualStudioVersion = 17.8.34316.72
MinimumVisualStudioVersion = 10.0.40219.1
Project("{FAE04EC0-301F-11D3-BF4B-00C04F79EFBC}") = "Crud2", "Crud2\Crud2.csproj", "{104D58E2-F720-4047-A396-8A32A2C6E720}"
EndProject
Global
	GlobalSection(SolutionConfigurationPlatforms) = preSolution
		Debug|Any CPU = Debug|Any CPU
		Release|Any CPU = Release|Any CPU
	EndGlobalSection
	GlobalSection(ProjectConfigurationPlatforms) = postSolution
		{104D58E2-F720-4047-A396-8A32A2C6E720}.Debug|Any CPU.ActiveCfg = Debug|Any CPU
		{104D58E2-F720-4047-A396-8A32A2C6E720}.Debug|Any CPU.Build.0 = Debug|Any CPU
		{104D58E2-F720-4047-A396-8A32A2C6E720}.Release|Any CPU.ActiveCfg = Release|Any CPU
		{104D58E2-F720-4047-A396-8A32A2C6E720}.Release|Any CPU.Build.0 = Release|Any CPU
	EndGlobalSection
	GlobalSection(SolutionProperties) = preSolution
		HideSolutionNode = FALSE
	EndGlobalSection
	GlobalSection(ExtensibilityGlobals) = postSolution
		SolutionGuid = {C1848D8C-E9DA-4D1E-874C-989918C84570}
	EndGlobalSection
EndGlobal
